
Microsoft Visual Studio Solution File, Format Version 12.00
# Visual Studio Version 17
VisualStudioVersion = 17.7.34003.232
MinimumVisualStudioVersion = 10.0.40219.1
Project("{FAE04EC0-301F-11D3-BF4B-00C04F79EFBC}") = "ilkders", "ilkders\ilkders.csproj", "{514D357C-6D56-4E31-B140-FB0A1FC8A7CB}"
EndProject
Global
	GlobalSection(SolutionConfigurationPlatforms) = preSolution
		Debug|Any CPU = Debug|Any CPU
		Release|Any CPU = Release|Any CPU
	EndGlobalSection
	GlobalSection(ProjectConfigurationPlatforms) = postSolution
		{514D357C-6D56-4E31-B140-FB0A1FC8A7CB}.Debug|Any CPU.ActiveCfg = Debug|Any CPU
		{514D357C-6D56-4E31-B140-FB0A1FC8A7CB}.Debug|Any CPU.Build.0 = Debug|Any CPU
		{514D357C-6D56-4E31-B140-FB0A1FC8A7CB}.Release|Any CPU.ActiveCfg = Release|Any CPU
		{514D357C-6D56-4E31-B140-FB0A1FC8A7CB}.Release|Any CPU.Build.0 = Release|Any CPU
	EndGlobalSection
	GlobalSection(SolutionProperties) = preSolution
		HideSolutionNode = FALSE
	EndGlobalSection
	GlobalSection(ExtensibilityGlobals) = postSolution
		SolutionGuid = {A4C49AE0-9157-4E3A-9D34-6947CC93D6C1}
	EndGlobalSection
EndGlobal
